
Microsoft Visual Studio Solution File, Format Version 12.00
# Visual Studio Version 16
VisualStudioVersion = 16.0.30011.22
MinimumVisualStudioVersion = 15.0.26124.0
Project("{6EC3EE1D-3C4E-46DD-8F32-0CC8E7565705}") = "Capstone2", "src\App\Capstone2.fsproj", "{7FA5C5C3-83B0-447B-B42A-46D48C80936A}"
EndProject
Project("{6EC3EE1D-3C4E-46DD-8F32-0CC8E7565705}") = "Capstone3", "Capstone3\Capstone3.fsproj", "{017BD528-3385-4D2F-93D9-DFCA1EEF3E5C}"
EndProject
Project("{F2A71F9B-5D33-465A-A702-920D77279786}") = "Capstone4", "Capstone4\Capstone4.fsproj", "{40CA7B42-90B6-420D-837A-5D5280251EBB}"
EndProject
Global
	GlobalSection(SolutionConfigurationPlatforms) = preSolution
		Debug|Any CPU = Debug|Any CPU
		Debug|x64 = Debug|x64
		Debug|x86 = Debug|x86
		Release|Any CPU = Release|Any CPU
		Release|x64 = Release|x64
		Release|x86 = Release|x86
	EndGlobalSection
	GlobalSection(ProjectConfigurationPlatforms) = postSolution
		{7FA5C5C3-83B0-447B-B42A-46D48C80936A}.Debug|Any CPU.ActiveCfg = Debug|Any CPU
		{7FA5C5C3-83B0-447B-B42A-46D48C80936A}.Debug|Any CPU.Build.0 = Debug|Any CPU
		{7FA5C5C3-83B0-447B-B42A-46D48C80936A}.Debug|x64.ActiveCfg = Debug|Any CPU
		{7FA5C5C3-83B0-447B-B42A-46D48C80936A}.Debug|x64.Build.0 = Debug|Any CPU
		{7FA5C5C3-83B0-447B-B42A-46D48C80936A}.Debug|x86.ActiveCfg = Debug|Any CPU
		{7FA5C5C3-83B0-447B-B42A-46D48C80936A}.Debug|x86.Build.0 = Debug|Any CPU
		{7FA5C5C3-83B0-447B-B42A-46D48C80936A}.Release|Any CPU.ActiveCfg = Release|Any CPU
		{7FA5C5C3-83B0-447B-B42A-46D48C80936A}.Release|Any CPU.Build.0 = Release|Any CPU
		{7FA5C5C3-83B0-447B-B42A-46D48C80936A}.Release|x64.ActiveCfg = Release|Any CPU
		{7FA5C5C3-83B0-447B-B42A-46D48C80936A}.Release|x64.Build.0 = Release|Any CPU
		{7FA5C5C3-83B0-447B-B42A-46D48C80936A}.Release|x86.ActiveCfg = Release|Any CPU
		{7FA5C5C3-83B0-447B-B42A-46D48C80936A}.Release|x86.Build.0 = Release|Any CPU
		{017BD528-3385-4D2F-93D9-DFCA1EEF3E5C}.Debug|Any CPU.ActiveCfg = Debug|Any CPU
		{017BD528-3385-4D2F-93D9-DFCA1EEF3E5C}.Debug|Any CPU.Build.0 = Debug|Any CPU
		{017BD528-3385-4D2F-93D9-DFCA1EEF3E5C}.Debug|x64.ActiveCfg = Debug|Any CPU
		{017BD528-3385-4D2F-93D9-DFCA1EEF3E5C}.Debug|x64.Build.0 = Debug|Any CPU
		{017BD528-3385-4D2F-93D9-DFCA1EEF3E5C}.Debug|x86.ActiveCfg = Debug|Any CPU
		{017BD528-3385-4D2F-93D9-DFCA1EEF3E5C}.Debug|x86.Build.0 = Debug|Any CPU
		{017BD528-3385-4D2F-93D9-DFCA1EEF3E5C}.Release|Any CPU.ActiveCfg = Release|Any CPU
		{017BD528-3385-4D2F-93D9-DFCA1EEF3E5C}.Release|Any CPU.Build.0 = Release|Any CPU
		{017BD528-3385-4D2F-93D9-DFCA1EEF3E5C}.Release|x64.ActiveCfg = Release|Any CPU
		{017BD528-3385-4D2F-93D9-DFCA1EEF3E5C}.Release|x64.Build.0 = Release|Any CPU
		{017BD528-3385-4D2F-93D9-DFCA1EEF3E5C}.Release|x86.ActiveCfg = Release|Any CPU
		{017BD528-3385-4D2F-93D9-DFCA1EEF3E5C}.Release|x86.Build.0 = Release|Any CPU
		{40CA7B42-90B6-420D-837A-5D5280251EBB}.Debug|Any CPU.ActiveCfg = Debug|Any CPU
		{40CA7B42-90B6-420D-837A-5D5280251EBB}.Debug|Any CPU.Build.0 = Debug|Any CPU
		{40CA7B42-90B6-420D-837A-5D5280251EBB}.Debug|x64.ActiveCfg = Debug|Any CPU
		{40CA7B42-90B6-420D-837A-5D5280251EBB}.Debug|x64.Build.0 = Debug|Any CPU
		{40CA7B42-90B6-420D-837A-5D5280251EBB}.Debug|x86.ActiveCfg = Debug|Any CPU
		{40CA7B42-90B6-420D-837A-5D5280251EBB}.Debug|x86.Build.0 = Debug|Any CPU
		{40CA7B42-90B6-420D-837A-5D5280251EBB}.Release|Any CPU.ActiveCfg = Release|Any CPU
		{40CA7B42-90B6-420D-837A-5D5280251EBB}.Release|Any CPU.Build.0 = Release|Any CPU
		{40CA7B42-90B6-420D-837A-5D5280251EBB}.Release|x64.ActiveCfg = Release|Any CPU
		{40CA7B42-90B6-420D-837A-5D5280251EBB}.Release|x64.Build.0 = Release|Any CPU
		{40CA7B42-90B6-420D-837A-5D5280251EBB}.Release|x86.ActiveCfg = Release|Any CPU
		{40CA7B42-90B6-420D-837A-5D5280251EBB}.Release|x86.Build.0 = Release|Any CPU
	EndGlobalSection
	GlobalSection(SolutionProperties) = preSolution
		HideSolutionNode = FALSE
	EndGlobalSection
	GlobalSection(ExtensibilityGlobals) = postSolution
		SolutionGuid = {5DEA3BC1-00A9-4E57-AFCF-DC53E2F50267}
	EndGlobalSection
EndGlobal
