
Microsoft Visual Studio Solution File, Format Version 12.00
# Visual Studio Version 16
VisualStudioVersion = 16.0.30717.126
MinimumVisualStudioVersion = 10.0.40219.1
Project("{F2A71F9B-5D33-465A-A702-920D77279786}") = "Regression", "Regression.fsproj", "{BAB7D2DE-8F8E-4A3F-AA2C-8A63AE2A3C12}"
EndProject
Global
	GlobalSection(SolutionConfigurationPlatforms) = preSolution
		Debug|Any CPU = Debug|Any CPU
		Release|Any CPU = Release|Any CPU
	EndGlobalSection
	GlobalSection(ProjectConfigurationPlatforms) = postSolution
		{BAB7D2DE-8F8E-4A3F-AA2C-8A63AE2A3C12}.Debug|Any CPU.ActiveCfg = Debug|Any CPU
		{BAB7D2DE-8F8E-4A3F-AA2C-8A63AE2A3C12}.Debug|Any CPU.Build.0 = Debug|Any CPU
		{BAB7D2DE-8F8E-4A3F-AA2C-8A63AE2A3C12}.Release|Any CPU.ActiveCfg = Release|Any CPU
		{BAB7D2DE-8F8E-4A3F-AA2C-8A63AE2A3C12}.Release|Any CPU.Build.0 = Release|Any CPU
	EndGlobalSection
	GlobalSection(SolutionProperties) = preSolution
		HideSolutionNode = FALSE
	EndGlobalSection
	GlobalSection(ExtensibilityGlobals) = postSolution
		SolutionGuid = {6DE2BF4C-76BF-4B07-A61E-D8AF696BF170}
	EndGlobalSection
EndGlobal
